
Microsoft Visual Studio Solution File, Format Version 12.00
# Visual Studio Version 17
VisualStudioVersion = 17.13.35931.197 d17.13
MinimumVisualStudioVersion = 10.0.40219.1
Project("{FAE04EC0-301F-11D3-BF4B-00C04F79EFBC}") = "opphitel", "opphitel.csproj", "{EE7B2D24-A245-4526-9395-082223D417D4}"
EndProject
Global
	GlobalSection(SolutionConfigurationPlatforms) = preSolution
		Debug|Any CPU = Debug|Any CPU
		Release|Any CPU = Release|Any CPU
	EndGlobalSection
	GlobalSection(ProjectConfigurationPlatforms) = postSolution
		{EE7B2D24-A245-4526-9395-082223D417D4}.Debug|Any CPU.ActiveCfg = Debug|Any CPU
		{EE7B2D24-A245-4526-9395-082223D417D4}.Debug|Any CPU.Build.0 = Debug|Any CPU
		{EE7B2D24-A245-4526-9395-082223D417D4}.Release|Any CPU.ActiveCfg = Release|Any CPU
		{EE7B2D24-A245-4526-9395-082223D417D4}.Release|Any CPU.Build.0 = Release|Any CPU
	EndGlobalSection
	GlobalSection(SolutionProperties) = preSolution
		HideSolutionNode = FALSE
	EndGlobalSection
	GlobalSection(ExtensibilityGlobals) = postSolution
		SolutionGuid = {1FE68456-D412-496D-A595-5DD967655EB0}
	EndGlobalSection
EndGlobal
