
Microsoft Visual Studio Solution File, Format Version 12.00
# Visual Studio Version 17
VisualStudioVersion = 17.13.35931.197 d17.13
MinimumVisualStudioVersion = 10.0.40219.1
Project("{FAE04EC0-301F-11D3-BF4B-00C04F79EFBC}") = "diakok", "diakok.csproj", "{7D915368-C55B-4E58-B428-E5A5F08BEE6E}"
EndProject
Global
	GlobalSection(SolutionConfigurationPlatforms) = preSolution
		Debug|Any CPU = Debug|Any CPU
		Release|Any CPU = Release|Any CPU
	EndGlobalSection
	GlobalSection(ProjectConfigurationPlatforms) = postSolution
		{7D915368-C55B-4E58-B428-E5A5F08BEE6E}.Debug|Any CPU.ActiveCfg = Debug|Any CPU
		{7D915368-C55B-4E58-B428-E5A5F08BEE6E}.Debug|Any CPU.Build.0 = Debug|Any CPU
		{7D915368-C55B-4E58-B428-E5A5F08BEE6E}.Release|Any CPU.ActiveCfg = Release|Any CPU
		{7D915368-C55B-4E58-B428-E5A5F08BEE6E}.Release|Any CPU.Build.0 = Release|Any CPU
	EndGlobalSection
	GlobalSection(SolutionProperties) = preSolution
		HideSolutionNode = FALSE
	EndGlobalSection
	GlobalSection(ExtensibilityGlobals) = postSolution
		SolutionGuid = {499C64D3-9A59-44BA-9E50-BA22334C86D5}
	EndGlobalSection
EndGlobal
